<Solution>
  <Folder Name="/src/">
    <Project Path="src/Nexie.Lexer.csproj" />
  </Folder>
  <Folder Name="/tests/" />
  <Folder Name="/tests/Nexie.Lexer.UnitTests/">
    <File Path="LexerTests.cs" />
    <File Path="LexerTests.csproj" />
    <Project Path="tests/Nexie.Lexer.UnitTests/LexerTests.csproj" />
  </Folder>
</Solution>
